
Microsoft Visual Studio Solution File, Format Version 12.00
# Visual Studio Version 17
VisualStudioVersion = 17.10.35013.160
MinimumVisualStudioVersion = 10.0.40219.1
Project("{FAE04EC0-301F-11D3-BF4B-00C04F79EFBC}") = "WootenT_PigLatin", "WootenT_PigLatin.csproj", "{EB983305-2257-4227-B576-C931AA897AFB}"
EndProject
Global
	GlobalSection(SolutionConfigurationPlatforms) = preSolution
		Debug|Any CPU = Debug|Any CPU
		Release|Any CPU = Release|Any CPU
	EndGlobalSection
	GlobalSection(ProjectConfigurationPlatforms) = postSolution
		{EB983305-2257-4227-B576-C931AA897AFB}.Debug|Any CPU.ActiveCfg = Debug|Any CPU
		{EB983305-2257-4227-B576-C931AA897AFB}.Debug|Any CPU.Build.0 = Debug|Any CPU
		{EB983305-2257-4227-B576-C931AA897AFB}.Release|Any CPU.ActiveCfg = Release|Any CPU
		{EB983305-2257-4227-B576-C931AA897AFB}.Release|Any CPU.Build.0 = Release|Any CPU
	EndGlobalSection
	GlobalSection(SolutionProperties) = preSolution
		HideSolutionNode = FALSE
	EndGlobalSection
	GlobalSection(ExtensibilityGlobals) = postSolution
		SolutionGuid = {F1D04244-2912-49A9-87FB-3FB7095B7AF8}
	EndGlobalSection
EndGlobal
